// !$*UTF8*$!
{
	archiveVersion = 1;
	classes = {
	};
	objectVersion = 46;
	objects = {

/* Begin PBXBuildFile section */
		CA26F9511D63F84E00765AD1 /* VideoViewController.swift in Sources */ = {isa = PBXBuildFile; fileRef = CA26F9501D63F84E00765AD1 /* VideoViewController.swift */; };
		CA26F9531D63FA7A00765AD1 /* Utility.swift in Sources */ = {isa = PBXBuildFile; fileRef = CA26F9521D63FA7A00765AD1 /* Utility.swift */; };
		CA26F9591D63FF3600765AD1 /* DetailsViewController.swift in Sources */ = {isa = PBXBuildFile; fileRef = CA26F9581D63FF3600765AD1 /* DetailsViewController.swift */; };
		CA4E933B1D62BF9100A66FE3 /* AppDelegate.swift in Sources */ = {isa = PBXBuildFile; fileRef = CA4E933A1D62BF9100A66FE3 /* AppDelegate.swift */; };
		CA4E933D1D62BF9100A66FE3 /* ContainerViewController.swift in Sources */ = {isa = PBXBuildFile; fileRef = CA4E933C1D62BF9100A66FE3 /* ContainerViewController.swift */; };
		CA4E93401D62BF9100A66FE3 /* Main.storyboard in Resources */ = {isa = PBXBuildFile; fileRef = CA4E933E1D62BF9100A66FE3 /* Main.storyboard */; };
		CA4E93421D62BF9100A66FE3 /* Assets.xcassets in Resources */ = {isa = PBXBuildFile; fileRef = CA4E93411D62BF9100A66FE3 /* Assets.xcassets */; };
		CA4E93451D62BF9100A66FE3 /* LaunchScreen.storyboard in Resources */ = {isa = PBXBuildFile; fileRef = CA4E93431D62BF9100A66FE3 /* LaunchScreen.storyboard */; };
		CAE567651D64F07F00D791DE /* VideoTableViewCell.swift in Sources */ = {isa = PBXBuildFile; fileRef = CAE567641D64F07F00D791DE /* VideoTableViewCell.swift */; };
		CAE567671D64F61600D791DE /* UIColorExtensions.swift in Sources */ = {isa = PBXBuildFile; fileRef = CAE567661D64F61600D791DE /* UIColorExtensions.swift */; };
		CAE5676C1D64FA0B00D791DE /* DetailsViewController.xib in Resources */ = {isa = PBXBuildFile; fileRef = CAE5676B1D64FA0B00D791DE /* DetailsViewController.xib */; };
		CAE5676E1D64FA5200D791DE /* NSObjectExtensions.swift in Sources */ = {isa = PBXBuildFile; fileRef = CAE5676D1D64FA5200D791DE /* NSObjectExtensions.swift */; };
		CAE567701D64FDA800D791DE /* CommentTableViewCell.xib in Resources */ = {isa = PBXBuildFile; fileRef = CAE5676F1D64FDA800D791DE /* CommentTableViewCell.xib */; };
		CAE567721D64FE1B00D791DE /* CommentTableViewCell.swift in Sources */ = {isa = PBXBuildFile; fileRef = CAE567711D64FE1B00D791DE /* CommentTableViewCell.swift */; };
/* End PBXBuildFile section */

/* Begin PBXFileReference section */
		CA26F9501D63F84E00765AD1 /* VideoViewController.swift */ = {isa = PBXFileReference; fileEncoding = 4; lastKnownFileType = sourcecode.swift; path = VideoViewController.swift; sourceTree = "<group>"; };
		CA26F9521D63FA7A00765AD1 /* Utility.swift */ = {isa = PBXFileReference; fileEncoding = 4; lastKnownFileType = sourcecode.swift; path = Utility.swift; sourceTree = "<group>"; };
		CA26F9581D63FF3600765AD1 /* DetailsViewController.swift */ = {isa = PBXFileReference; fileEncoding = 4; lastKnownFileType = sourcecode.swift; name = DetailsViewController.swift; path = ../DetailsViewController.swift; sourceTree = "<group>"; };
		CA4E93371D62BF9100A66FE3 /* PIPExample.app */ = {isa = PBXFileReference; explicitFileType = wrapper.application; includeInIndex = 0; path = PIPExample.app; sourceTree = BUILT_PRODUCTS_DIR; };
		CA4E933A1D62BF9100A66FE3 /* AppDelegate.swift */ = {isa = PBXFileReference; lastKnownFileType = sourcecode.swift; path = AppDelegate.swift; sourceTree = "<group>"; };
		CA4E933C1D62BF9100A66FE3 /* ContainerViewController.swift */ = {isa = PBXFileReference; lastKnownFileType = sourcecode.swift; path = ContainerViewController.swift; sourceTree = "<group>"; };
		CA4E933F1D62BF9100A66FE3 /* Base */ = {isa = PBXFileReference; lastKnownFileType = file.storyboard; name = Base; path = Base.lproj/Main.storyboard; sourceTree = "<group>"; };
		CA4E93411D62BF9100A66FE3 /* Assets.xcassets */ = {isa = PBXFileReference; lastKnownFileType = folder.assetcatalog; path = Assets.xcassets; sourceTree = "<group>"; };
		CA4E93441D62BF9100A66FE3 /* Base */ = {isa = PBXFileReference; lastKnownFileType = file.storyboard; name = Base; path = Base.lproj/LaunchScreen.storyboard; sourceTree = "<group>"; };
		CA4E93461D62BF9100A66FE3 /* Info.plist */ = {isa = PBXFileReference; lastKnownFileType = text.plist.xml; path = Info.plist; sourceTree = "<group>"; };
		CAE567641D64F07F00D791DE /* VideoTableViewCell.swift */ = {isa = PBXFileReference; fileEncoding = 4; lastKnownFileType = sourcecode.swift; path = VideoTableViewCell.swift; sourceTree = "<group>"; };
		CAE567661D64F61600D791DE /* UIColorExtensions.swift */ = {isa = PBXFileReference; fileEncoding = 4; lastKnownFileType = sourcecode.swift; path = UIColorExtensions.swift; sourceTree = "<group>"; };
		CAE5676B1D64FA0B00D791DE /* DetailsViewController.xib */ = {isa = PBXFileReference; fileEncoding = 4; lastKnownFileType = file.xib; path = DetailsViewController.xib; sourceTree = "<group>"; };
		CAE5676D1D64FA5200D791DE /* NSObjectExtensions.swift */ = {isa = PBXFileReference; fileEncoding = 4; lastKnownFileType = sourcecode.swift; path = NSObjectExtensions.swift; sourceTree = "<group>"; };
		CAE5676F1D64FDA800D791DE /* CommentTableViewCell.xib */ = {isa = PBXFileReference; fileEncoding = 4; lastKnownFileType = file.xib; path = CommentTableViewCell.xib; sourceTree = "<group>"; };
		CAE567711D64FE1B00D791DE /* CommentTableViewCell.swift */ = {isa = PBXFileReference; fileEncoding = 4; lastKnownFileType = sourcecode.swift; path = CommentTableViewCell.swift; sourceTree = "<group>"; };
/* End PBXFileReference section */

/* Begin PBXFrameworksBuildPhase section */
		CA4E93341D62BF9000A66FE3 /* Frameworks */ = {
			isa = PBXFrameworksBuildPhase;
			buildActionMask = 2147483647;
			files = (
			);
			runOnlyForDeploymentPostprocessing = 0;
		};
/* End PBXFrameworksBuildPhase section */

/* Begin PBXGroup section */
		CA26F9541D63FA8500765AD1 /* Utilities */ = {
			isa = PBXGroup;
			children = (
				CA26F9521D63FA7A00765AD1 /* Utility.swift */,
			);
			name = Utilities;
			sourceTree = "<group>";
		};
		CA26F9551D63FA8F00765AD1 /* Supporting Files */ = {
			isa = PBXGroup;
			children = (
				CA4E93431D62BF9100A66FE3 /* LaunchScreen.storyboard */,
				CA4E93461D62BF9100A66FE3 /* Info.plist */,
			);
			name = "Supporting Files";
			sourceTree = "<group>";
		};
		CA4E932E1D62BF9000A66FE3 = {
			isa = PBXGroup;
			children = (
				CA4E93391D62BF9100A66FE3 /* PIPExample */,
				CA4E93381D62BF9100A66FE3 /* Products */,
			);
			sourceTree = "<group>";
		};
		CA4E93381D62BF9100A66FE3 /* Products */ = {
			isa = PBXGroup;
			children = (
				CA4E93371D62BF9100A66FE3 /* PIPExample.app */,
			);
			name = Products;
			sourceTree = "<group>";
		};
		CA4E93391D62BF9100A66FE3 /* PIPExample */ = {
			isa = PBXGroup;
			children = (
				CA4E933A1D62BF9100A66FE3 /* AppDelegate.swift */,
				CAE567691D64F71F00D791DE /* FeedViewControler */,
				CAE567681D64F70B00D791DE /* VideoViewController */,
				CA26F9541D63FA8500765AD1 /* Utilities */,
				CAE5676A1D64F79900D791DE /* Extensions */,
				CA4E933E1D62BF9100A66FE3 /* Main.storyboard */,
				CA4E93411D62BF9100A66FE3 /* Assets.xcassets */,
				CA26F9551D63FA8F00765AD1 /* Supporting Files */,
			);
			path = PIPExample;
			sourceTree = "<group>";
		};
		CAE567681D64F70B00D791DE /* VideoViewController */ = {
			isa = PBXGroup;
			children = (
				CA26F9501D63F84E00765AD1 /* VideoViewController.swift */,
				CA26F9581D63FF3600765AD1 /* DetailsViewController.swift */,
				CAE5676B1D64FA0B00D791DE /* DetailsViewController.xib */,
				CAE567731D64FEF300D791DE /* CommentTableViewCell */,
			);
			name = VideoViewController;
			sourceTree = "<group>";
		};
		CAE567691D64F71F00D791DE /* FeedViewControler */ = {
			isa = PBXGroup;
			children = (
				CA4E933C1D62BF9100A66FE3 /* ContainerViewController.swift */,
				CAE567641D64F07F00D791DE /* VideoTableViewCell.swift */,
			);
			name = FeedViewControler;
			sourceTree = "<group>";
		};
		CAE5676A1D64F79900D791DE /* Extensions */ = {
			isa = PBXGroup;
			children = (
				CAE567661D64F61600D791DE /* UIColorExtensions.swift */,
				CAE5676D1D64FA5200D791DE /* NSObjectExtensions.swift */,
			);
			name = Extensions;
			sourceTree = "<group>";
		};
		CAE567731D64FEF300D791DE /* CommentTableViewCell */ = {
			isa = PBXGroup;
			children = (
				CAE567711D64FE1B00D791DE /* CommentTableViewCell.swift */,
				CAE5676F1D64FDA800D791DE /* CommentTableViewCell.xib */,
			);
			name = CommentTableViewCell;
			sourceTree = "<group>";
		};
/* End PBXGroup section */

/* Begin PBXNativeTarget section */
		CA4E93361D62BF9000A66FE3 /* PIPExample */ = {
			isa = PBXNativeTarget;
			buildConfigurationList = CA4E93491D62BF9100A66FE3 /* Build configuration list for PBXNativeTarget "PIPExample" */;
			buildPhases = (
				CA4E93331D62BF9000A66FE3 /* Sources */,
				CA4E93341D62BF9000A66FE3 /* Frameworks */,
				CA4E93351D62BF9000A66FE3 /* Resources */,
			);
			buildRules = (
			);
			dependencies = (
			);
			name = PIPExample;
			productName = PIPExample;
			productReference = CA4E93371D62BF9100A66FE3 /* PIPExample.app */;
			productType = "com.apple.product-type.application";
		};
/* End PBXNativeTarget section */

/* Begin PBXProject section */
		CA4E932F1D62BF9000A66FE3 /* Project object */ = {
			isa = PBXProject;
			attributes = {
				LastSwiftUpdateCheck = 0800;
				LastUpgradeCheck = 0800;
				ORGANIZATIONNAME = ocwang;
				TargetAttributes = {
					CA4E93361D62BF9000A66FE3 = {
						CreatedOnToolsVersion = 8.0;
						DevelopmentTeam = M2A52948WD;
						ProvisioningStyle = Automatic;
					};
				};
			};
			buildConfigurationList = CA4E93321D62BF9000A66FE3 /* Build configuration list for PBXProject "PIPExample" */;
			compatibilityVersion = "Xcode 3.2";
			developmentRegion = English;
			hasScannedForEncodings = 0;
			knownRegions = (
				en,
				Base,
			);
			mainGroup = CA4E932E1D62BF9000A66FE3;
			productRefGroup = CA4E93381D62BF9100A66FE3 /* Products */;
			projectDirPath = "";
			projectRoot = "";
			targets = (
				CA4E93361D62BF9000A66FE3 /* PIPExample */,
			);
		};
/* End PBXProject section */

/* Begin PBXResourcesBuildPhase section */
		CA4E93351D62BF9000A66FE3 /* Resources */ = {
			isa = PBXResourcesBuildPhase;
			buildActionMask = 2147483647;
			files = (
				CA4E93451D62BF9100A66FE3 /* LaunchScreen.storyboard in Resources */,
				CA4E93421D62BF9100A66FE3 /* Assets.xcassets in Resources */,
				CA4E93401D62BF9100A66FE3 /* Main.storyboard in Resources */,
				CAE5676C1D64FA0B00D791DE /* DetailsViewController.xib in Resources */,
				CAE567701D64FDA800D791DE /* CommentTableViewCell.xib in Resources */,
			);
			runOnlyForDeploymentPostprocessing = 0;
		};
/* End PBXResourcesBuildPhase section */

/* Begin PBXSourcesBuildPhase section */
		CA4E93331D62BF9000A66FE3 /* Sources */ = {
			isa = PBXSourcesBuildPhase;
			buildActionMask = 2147483647;
			files = (
				CA26F9531D63FA7A00765AD1 /* Utility.swift in Sources */,
				CAE567671D64F61600D791DE /* UIColorExtensions.swift in Sources */,
				CAE5676E1D64FA5200D791DE /* NSObjectExtensions.swift in Sources */,
				CA4E933D1D62BF9100A66FE3 /* ContainerViewController.swift in Sources */,
				CAE567721D64FE1B00D791DE /* CommentTableViewCell.swift in Sources */,
				CA4E933B1D62BF9100A66FE3 /* AppDelegate.swift in Sources */,
				CA26F9511D63F84E00765AD1 /* VideoViewController.swift in Sources */,
				CA26F9591D63FF3600765AD1 /* DetailsViewController.swift in Sources */,
				CAE567651D64F07F00D791DE /* VideoTableViewCell.swift in Sources */,
			);
			runOnlyForDeploymentPostprocessing = 0;
		};
/* End PBXSourcesBuildPhase section */

/* Begin PBXVariantGroup section */
		CA4E933E1D62BF9100A66FE3 /* Main.storyboard */ = {
			isa = PBXVariantGroup;
			children = (
				CA4E933F1D62BF9100A66FE3 /* Base */,
			);
			name = Main.storyboard;
			sourceTree = "<group>";
		};
		CA4E93431D62BF9100A66FE3 /* LaunchScreen.storyboard */ = {
			isa = PBXVariantGroup;
			children = (
				CA4E93441D62BF9100A66FE3 /* Base */,
			);
			name = LaunchScreen.storyboard;
			sourceTree = "<group>";
		};
/* End PBXVariantGroup section */

/* Begin XCBuildConfiguration section */
		CA4E93471D62BF9100A66FE3 /* Debug */ = {
			isa = XCBuildConfiguration;
			buildSettings = {
				ALWAYS_SEARCH_USER_PATHS = NO;
				CLANG_ANALYZER_NONNULL = YES;
				CLANG_CXX_LANGUAGE_STANDARD = "gnu++0x";
				CLANG_CXX_LIBRARY = "libc++";
				CLANG_ENABLE_MODULES = YES;
				CLANG_ENABLE_OBJC_ARC = YES;
				CLANG_WARN_BOOL_CONVERSION = YES;
				CLANG_WARN_CONSTANT_CONVERSION = YES;
				CLANG_WARN_DIRECT_OBJC_ISA_USAGE = YES_ERROR;
				CLANG_WARN_DOCUMENTATION_COMMENTS = YES;
				CLANG_WARN_EMPTY_BODY = YES;
				CLANG_WARN_ENUM_CONVERSION = YES;
				CLANG_WARN_INFINITE_RECURSION = YES;
				CLANG_WARN_INT_CONVERSION = YES;
				CLANG_WARN_OBJC_ROOT_CLASS = YES_ERROR;
				CLANG_WARN_SUSPICIOUS_MOVES = YES;
				CLANG_WARN_UNREACHABLE_CODE = YES;
				CLANG_WARN__DUPLICATE_METHOD_MATCH = YES;
				"CODE_SIGN_IDENTITY[sdk=iphoneos*]" = "iPhone Developer";
				COPY_PHASE_STRIP = NO;
				DEBUG_INFORMATION_FORMAT = dwarf;
				ENABLE_STRICT_OBJC_MSGSEND = YES;
				ENABLE_TESTABILITY = YES;
				GCC_C_LANGUAGE_STANDARD = gnu99;
				GCC_DYNAMIC_NO_PIC = NO;
				GCC_NO_COMMON_BLOCKS = YES;
				GCC_OPTIMIZATION_LEVEL = 0;
				GCC_PREPROCESSOR_DEFINITIONS = (
					"DEBUG=1",
					"$(inherited)",
				);
				GCC_WARN_64_TO_32_BIT_CONVERSION = YES;
				GCC_WARN_ABOUT_RETURN_TYPE = YES_ERROR;
				GCC_WARN_UNDECLARED_SELECTOR = YES;
				GCC_WARN_UNINITIALIZED_AUTOS = YES_AGGRESSIVE;
				GCC_WARN_UNUSED_FUNCTION = YES;
				GCC_WARN_UNUSED_VARIABLE = YES;
				IPHONEOS_DEPLOYMENT_TARGET = 10.0;
				MTL_ENABLE_DEBUG_INFO = YES;
				ONLY_ACTIVE_ARCH = YES;
				SDKROOT = iphoneos;
				SWIFT_ACTIVE_COMPILATION_CONDITIONS = DEBUG;
				SWIFT_OPTIMIZATION_LEVEL = "-Onone";
			};
			name = Debug;
		};
		CA4E93481D62BF9100A66FE3 /* Release */ = {
			isa = XCBuildConfiguration;
			buildSettings = {
				ALWAYS_SEARCH_USER_PATHS = NO;
				CLANG_ANALYZER_NONNULL = YES;
				CLANG_CXX_LANGUAGE_STANDARD = "gnu++0x";
				CLANG_CXX_LIBRARY = "libc++";
				CLANG_ENABLE_MODULES = YES;
				CLANG_ENABLE_OBJC_ARC = YES;
				CLANG_WARN_BOOL_CONVERSION = YES;
				CLANG_WARN_CONSTANT_CONVERSION = YES;
				CLANG_WARN_DIRECT_OBJC_ISA_USAGE = YES_ERROR;
				CLANG_WARN_DOCUMENTATION_COMMENTS = YES;
				CLANG_WARN_EMPTY_BODY = YES;
				CLANG_WARN_ENUM_CONVERSION = YES;
				CLANG_WARN_INFINITE_RECURSION = YES;
				CLANG_WARN_INT_CONVERSION = YES;
				CLANG_WARN_OBJC_ROOT_CLASS = YES_ERROR;
				CLANG_WARN_SUSPICIOUS_MOVES = YES;
				CLANG_WARN_UNREACHABLE_CODE = YES;
				CLANG_WARN__DUPLICATE_METHOD_MATCH = YES;
				"CODE_SIGN_IDENTITY[sdk=iphoneos*]" = "iPhone Developer";
				COPY_PHASE_STRIP = NO;
				DEBUG_INFORMATION_FORMAT = "dwarf-with-dsym";
				ENABLE_NS_ASSERTIONS = NO;
				ENABLE_STRICT_OBJC_MSGSEND = YES;
				GCC_C_LANGUAGE_STANDARD = gnu99;
				GCC_NO_COMMON_BLOCKS = YES;
				GCC_WARN_64_TO_32_BIT_CONVERSION = YES;
				GCC_WARN_ABOUT_RETURN_TYPE = YES_ERROR;
				GCC_WARN_UNDECLARED_SELECTOR = YES;
				GCC_WARN_UNINITIALIZED_AUTOS = YES_AGGRESSIVE;
				GCC_WARN_UNUSED_FUNCTION = YES;
				GCC_WARN_UNUSED_VARIABLE = YES;
				IPHONEOS_DEPLOYMENT_TARGET = 10.0;
				MTL_ENABLE_DEBUG_INFO = NO;
				SDKROOT = iphoneos;
				SWIFT_OPTIMIZATION_LEVEL = "-Owholemodule";
				VALIDATE_PRODUCT = YES;
			};
			name = Release;
		};
		CA4E934A1D62BF9100A66FE3 /* Debug */ = {
			isa = XCBuildConfiguration;
			buildSettings = {
				ASSETCATALOG_COMPILER_APPICON_NAME = AppIcon;
				DEVELOPMENT_TEAM = M2A52948WD;
				INFOPLIST_FILE = PIPExample/Info.plist;
				IPHONEOS_DEPLOYMENT_TARGET = 9.3;
				LD_RUNPATH_SEARCH_PATHS = "$(inherited) @executable_path/Frameworks";
				PRODUCT_BUNDLE_IDENTIFIER = com.ocwang.PIPExample;
				PRODUCT_NAME = "$(TARGET_NAME)";
				SWIFT_VERSION = 3.0;
			};
			name = Debug;
		};
		CA4E934B1D62BF9100A66FE3 /* Release */ = {
			isa = XCBuildConfiguration;
			buildSettings = {
				ASSETCATALOG_COMPILER_APPICON_NAME = AppIcon;
				DEVELOPMENT_TEAM = M2A52948WD;
				INFOPLIST_FILE = PIPExample/Info.plist;
				IPHONEOS_DEPLOYMENT_TARGET = 9.3;
				LD_RUNPATH_SEARCH_PATHS = "$(inherited) @executable_path/Frameworks";
				PRODUCT_BUNDLE_IDENTIFIER = com.ocwang.PIPExample;
				PRODUCT_NAME = "$(TARGET_NAME)";
				SWIFT_VERSION = 3.0;
			};
			name = Release;
		};
/* End XCBuildConfiguration section */

/* Begin XCConfigurationList section */
		CA4E93321D62BF9000A66FE3 /* Build configuration list for PBXProject "PIPExample" */ = {
			isa = XCConfigurationList;
			buildConfigurations = (
				CA4E93471D62BF9100A66FE3 /* Debug */,
				CA4E93481D62BF9100A66FE3 /* Release */,
			);
			defaultConfigurationIsVisible = 0;
			defaultConfigurationName = Release;
		};
		CA4E93491D62BF9100A66FE3 /* Build configuration list for PBXNativeTarget "PIPExample" */ = {
			isa = XCConfigurationList;
			buildConfigurations = (
				CA4E934A1D62BF9100A66FE3 /* Debug */,
				CA4E934B1D62BF9100A66FE3 /* Release */,
			);
			defaultConfigurationIsVisible = 0;
			defaultConfigurationName = Release;
		};
/* End XCConfigurationList section */
	};
	rootObject = CA4E932F1D62BF9000A66FE3 /* Project object */;
}
